# This file was autogenerated by Stack.
# You should not edit this file by hand.
# For more information, please see the documentation at:
#   https://docs.haskellstack.org/en/stable/lock_files

packages:
- completed:
    hackage: jord-0.6.0.0@sha256:c8bcc70230c4e8f8db0fede9bac3aa5fbf0fba9352ca44f8973e31d0276ae552,2785
    pantry-tree:
      size: 2922
      sha256: b083e9770929daa01a365c161c21df5289ffb12c831bbb132e78487a8505212a
  original:
    hackage: jord-0.6.0.0
snapshots:
- completed:
    size: 524804
    url: https://raw.githubusercontent.com/commercialhaskell/stackage-snapshots/master/lts/14/16.yaml
    sha256: 4d1519a4372d051d47a5eae2241cf3fb54e113d7475f89707ddb6ec06add2888
  original: lts-14.16
